
Microsoft Visual Studio Solution File, Format Version 12.00
# Visual Studio 15
Project("{2150E333-8FDC-42A3-9474-1A3956D46DE8}") = "Microservices", "Microservices", "{52B9A047-72F9-412A-9E0E-CF7492BDE0F1}"
EndProject
Project("{2150E333-8FDC-42A3-9474-1A3956D46DE8}") = "Domain", "Domain", "{D50F7EF5-2049-49AF-B58C-6F16C16DEC78}"
EndProject
Project("{2150E333-8FDC-42A3-9474-1A3956D46DE8}") = "Infra.Bus", "Infra.Bus", "{770DE348-6E61-45F6-A9C9-B3C5D00C7549}"
EndProject
Project("{2150E333-8FDC-42A3-9474-1A3956D46DE8}") = "Infra.IoC", "Infra.IoC", "{CF5C4894-4E0F-401B-9C9E-5C1F2D8B345A}"
EndProject
Project("{2150E333-8FDC-42A3-9474-1A3956D46DE8}") = "Presentation", "Presentation", "{7A7A4574-937F-4866-A680-2F3A461FA7E5}"
EndProject
Project("{FAE04EC0-301F-11D3-BF4B-00C04F79EFBC}") = "MicroRabbit.Domain.Core", "MicroRabbit.Domain.Core\MicroRabbit.Domain.Core.csproj", "{5641C515-9B35-4E78-A10F-855190C7735A}"
EndProject
Global
	GlobalSection(SolutionConfigurationPlatforms) = preSolution
		Debug|Any CPU = Debug|Any CPU
		Release|Any CPU = Release|Any CPU
	EndGlobalSection
	GlobalSection(ProjectConfigurationPlatforms) = postSolution
		{5641C515-9B35-4E78-A10F-855190C7735A}.Debug|Any CPU.ActiveCfg = Debug|Any CPU
		{5641C515-9B35-4E78-A10F-855190C7735A}.Debug|Any CPU.Build.0 = Debug|Any CPU
		{5641C515-9B35-4E78-A10F-855190C7735A}.Release|Any CPU.ActiveCfg = Release|Any CPU
		{5641C515-9B35-4E78-A10F-855190C7735A}.Release|Any CPU.Build.0 = Release|Any CPU
	EndGlobalSection
	GlobalSection(NestedProjects) = preSolution
		{5641C515-9B35-4E78-A10F-855190C7735A} = {D50F7EF5-2049-49AF-B58C-6F16C16DEC78}
	EndGlobalSection
EndGlobal
